
Microsoft Visual Studio Solution File, Format Version 12.00
# Visual Studio Version 17
VisualStudioVersion = 17.11.35327.3
MinimumVisualStudioVersion = 10.0.40219.1
Project("{FAE04EC0-301F-11D3-BF4B-00C04F79EFBC}") = "PracticeExamples", "PracticeExamples\PracticeExamples.csproj", "{BEE50CA6-5736-4B05-9CED-67389792B985}"
EndProject
Global
	GlobalSection(SolutionConfigurationPlatforms) = preSolution
		Debug|Any CPU = Debug|Any CPU
		Release|Any CPU = Release|Any CPU
	EndGlobalSection
	GlobalSection(ProjectConfigurationPlatforms) = postSolution
		{BEE50CA6-5736-4B05-9CED-67389792B985}.Debug|Any CPU.ActiveCfg = Debug|Any CPU
		{BEE50CA6-5736-4B05-9CED-67389792B985}.Debug|Any CPU.Build.0 = Debug|Any CPU
		{BEE50CA6-5736-4B05-9CED-67389792B985}.Release|Any CPU.ActiveCfg = Release|Any CPU
		{BEE50CA6-5736-4B05-9CED-67389792B985}.Release|Any CPU.Build.0 = Release|Any CPU
	EndGlobalSection
	GlobalSection(SolutionProperties) = preSolution
		HideSolutionNode = FALSE
	EndGlobalSection
	GlobalSection(ExtensibilityGlobals) = postSolution
		SolutionGuid = {FA6C7440-3769-4363-9FCA-C3E761A38B0E}
	EndGlobalSection
EndGlobal
